
Microsoft Visual Studio Solution File, Format Version 12.00
# Visual Studio Version 17
VisualStudioVersion = 17.14.36623.8 d17.14
MinimumVisualStudioVersion = 10.0.40219.1
Project("{FAE04EC0-301F-11D3-BF4B-00C04F79EFBC}") = "Nuterra.World", "Nuterra.Biomes\Nuterra.World.csproj", "{755A24A3-F4D0-4BF1-A293-BE1FDAE78F83}"
EndProject
Global
	GlobalSection(SolutionConfigurationPlatforms) = preSolution
		Debug|Any CPU = Debug|Any CPU
		Release|Any CPU = Release|Any CPU
		ReleaseLaunch|Any CPU = ReleaseLaunch|Any CPU
	EndGlobalSection
	GlobalSection(ProjectConfigurationPlatforms) = postSolution
		{755A24A3-F4D0-4BF1-A293-BE1FDAE78F83}.Debug|Any CPU.ActiveCfg = Debug|Any CPU
		{755A24A3-F4D0-4BF1-A293-BE1FDAE78F83}.Debug|Any CPU.Build.0 = Debug|Any CPU
		{755A24A3-F4D0-4BF1-A293-BE1FDAE78F83}.Release|Any CPU.ActiveCfg = Release|Any CPU
		{755A24A3-F4D0-4BF1-A293-BE1FDAE78F83}.Release|Any CPU.Build.0 = Release|Any CPU
		{755A24A3-F4D0-4BF1-A293-BE1FDAE78F83}.ReleaseLaunch|Any CPU.ActiveCfg = ReleaseLaunch|Any CPU
		{755A24A3-F4D0-4BF1-A293-BE1FDAE78F83}.ReleaseLaunch|Any CPU.Build.0 = ReleaseLaunch|Any CPU
	EndGlobalSection
	GlobalSection(SolutionProperties) = preSolution
		HideSolutionNode = FALSE
	EndGlobalSection
	GlobalSection(ExtensibilityGlobals) = postSolution
		SolutionGuid = {A33DBA00-8455-4673-8BC2-2145BDC7F7B9}
	EndGlobalSection
EndGlobal
